
Microsoft Visual Studio Solution File, Format Version 12.00
# Visual Studio Version 17
VisualStudioVersion = 17.14.36221.1 d17.14
MinimumVisualStudioVersion = 10.0.40219.1
Project("{888888A0-9F3D-457C-B088-3A5042F75D52}") = "Strings", "Strings\Strings.pyproj", "{DC79BF62-1975-42BC-B589-F82C5E2DB45D}"
EndProject
Global
	GlobalSection(SolutionConfigurationPlatforms) = preSolution
		Debug|Any CPU = Debug|Any CPU
		Release|Any CPU = Release|Any CPU
	EndGlobalSection
	GlobalSection(ProjectConfigurationPlatforms) = postSolution
		{DC79BF62-1975-42BC-B589-F82C5E2DB45D}.Debug|Any CPU.ActiveCfg = Debug|Any CPU
		{DC79BF62-1975-42BC-B589-F82C5E2DB45D}.Release|Any CPU.ActiveCfg = Release|Any CPU
	EndGlobalSection
	GlobalSection(SolutionProperties) = preSolution
		HideSolutionNode = FALSE
	EndGlobalSection
	GlobalSection(ExtensibilityGlobals) = postSolution
		SolutionGuid = {FED08FFC-CD42-4BEB-B93C-86A1F378D655}
	EndGlobalSection
EndGlobal
